// !$*UTF8*$!
{
	archiveVersion = 1;
	classes = {
	};
	objectVersion = 46;
	objects = {

/* Begin PBXBuildFile section */
		18E084081BEB56A3001CDCF7 /* main.m in Sources */ = {isa = PBXBuildFile; fileRef = 18E084071BEB56A3001CDCF7 /* main.m */; };
		18E0840B1BEB56A3001CDCF7 /* AppDelegate.m in Sources */ = {isa = PBXBuildFile; fileRef = 18E0840A1BEB56A3001CDCF7 /* AppDelegate.m */; };
		18E0840E1BEB56A3001CDCF7 /* ViewController.m in Sources */ = {isa = PBXBuildFile; fileRef = 18E0840D1BEB56A3001CDCF7 /* ViewController.m */; };
		18E084111BEB56A3001CDCF7 /* Main.storyboard in Resources */ = {isa = PBXBuildFile; fileRef = 18E0840F1BEB56A3001CDCF7 /* Main.storyboard */; };
		18E084131BEB56A3001CDCF7 /* Assets.xcassets in Resources */ = {isa = PBXBuildFile; fileRef = 18E084121BEB56A3001CDCF7 /* Assets.xcassets */; };
		18E084161BEB56A3001CDCF7 /* LaunchScreen.storyboard in Resources */ = {isa = PBXBuildFile; fileRef = 18E084141BEB56A3001CDCF7 /* LaunchScreen.storyboard */; };
/* End PBXBuildFile section */

/* Begin PBXFileReference section */
		18E084031BEB56A3001CDCF7 /* 06苹果官方地图导航.app */ = {isa = PBXFileReference; explicitFileType = wrapper.application; includeInIndex = 0; path = "06苹果官方地图导航.app"; sourceTree = BUILT_PRODUCTS_DIR; };
		18E084071BEB56A3001CDCF7 /* main.m */ = {isa = PBXFileReference; lastKnownFileType = sourcecode.c.objc; path = main.m; sourceTree = "<group>"; };
		18E084091BEB56A3001CDCF7 /* AppDelegate.h */ = {isa = PBXFileReference; lastKnownFileType = sourcecode.c.h; path = AppDelegate.h; sourceTree = "<group>"; };
		18E0840A1BEB56A3001CDCF7 /* AppDelegate.m */ = {isa = PBXFileReference; lastKnownFileType = sourcecode.c.objc; path = AppDelegate.m; sourceTree = "<group>"; };
		18E0840C1BEB56A3001CDCF7 /* ViewController.h */ = {isa = PBXFileReference; lastKnownFileType = sourcecode.c.h; path = ViewController.h; sourceTree = "<group>"; };
		18E0840D1BEB56A3001CDCF7 /* ViewController.m */ = {isa = PBXFileReference; lastKnownFileType = sourcecode.c.objc; path = ViewController.m; sourceTree = "<group>"; };
		18E084101BEB56A3001CDCF7 /* Base */ = {isa = PBXFileReference; lastKnownFileType = file.storyboard; name = Base; path = Base.lproj/Main.storyboard; sourceTree = "<group>"; };
		18E084121BEB56A3001CDCF7 /* Assets.xcassets */ = {isa = PBXFileReference; lastKnownFileType = folder.assetcatalog; path = Assets.xcassets; sourceTree = "<group>"; };
		18E084151BEB56A3001CDCF7 /* Base */ = {isa = PBXFileReference; lastKnownFileType = file.storyboard; name = Base; path = Base.lproj/LaunchScreen.storyboard; sourceTree = "<group>"; };
		18E084171BEB56A3001CDCF7 /* Info.plist */ = {isa = PBXFileReference; lastKnownFileType = text.plist.xml; path = Info.plist; sourceTree = "<group>"; };
/* End PBXFileReference section */

/* Begin PBXFrameworksBuildPhase section */
		18E084001BEB56A3001CDCF7 /* Frameworks */ = {
			isa = PBXFrameworksBuildPhase;
			buildActionMask = 2147483647;
			files = (
			);
			runOnlyForDeploymentPostprocessing = 0;
		};
/* End PBXFrameworksBuildPhase section */

/* Begin PBXGroup section */
		18E083FA1BEB56A3001CDCF7 = {
			isa = PBXGroup;
			children = (
				18E084051BEB56A3001CDCF7 /* 06苹果官方地图导航 */,
				18E084041BEB56A3001CDCF7 /* Products */,
			);
			sourceTree = "<group>";
		};
		18E084041BEB56A3001CDCF7 /* Products */ = {
			isa = PBXGroup;
			children = (
				18E084031BEB56A3001CDCF7 /* 06苹果官方地图导航.app */,
			);
			name = Products;
			sourceTree = "<group>";
		};
		18E084051BEB56A3001CDCF7 /* 06苹果官方地图导航 */ = {
			isa = PBXGroup;
			children = (
				18E084091BEB56A3001CDCF7 /* AppDelegate.h */,
				18E0840A1BEB56A3001CDCF7 /* AppDelegate.m */,
				18E0840C1BEB56A3001CDCF7 /* ViewController.h */,
				18E0840D1BEB56A3001CDCF7 /* ViewController.m */,
				18E0840F1BEB56A3001CDCF7 /* Main.storyboard */,
				18E084121BEB56A3001CDCF7 /* Assets.xcassets */,
				18E084141BEB56A3001CDCF7 /* LaunchScreen.storyboard */,
				18E084171BEB56A3001CDCF7 /* Info.plist */,
				18E084061BEB56A3001CDCF7 /* Supporting Files */,
			);
			path = "06苹果官方地图导航";
			sourceTree = "<group>";
		};
		18E084061BEB56A3001CDCF7 /* Supporting Files */ = {
			isa = PBXGroup;
			children = (
				18E084071BEB56A3001CDCF7 /* main.m */,
			);
			name = "Supporting Files";
			sourceTree = "<group>";
		};
/* End PBXGroup section */

/* Begin PBXNativeTarget section */
		18E084021BEB56A3001CDCF7 /* 06苹果官方地图导航 */ = {
			isa = PBXNativeTarget;
			buildConfigurationList = 18E0841A1BEB56A3001CDCF7 /* Build configuration list for PBXNativeTarget "06苹果官方地图导航" */;
			buildPhases = (
				18E083FF1BEB56A3001CDCF7 /* Sources */,
				18E084001BEB56A3001CDCF7 /* Frameworks */,
				18E084011BEB56A3001CDCF7 /* Resources */,
			);
			buildRules = (
			);
			dependencies = (
			);
			name = "06苹果官方地图导航";
			productName = "06苹果官方地图导航";
			productReference = 18E084031BEB56A3001CDCF7 /* 06苹果官方地图导航.app */;
			productType = "com.apple.product-type.application";
		};
/* End PBXNativeTarget section */

/* Begin PBXProject section */
		18E083FB1BEB56A3001CDCF7 /* Project object */ = {
			isa = PBXProject;
			attributes = {
				LastUpgradeCheck = 0710;
				ORGANIZATIONNAME = ZZY;
				TargetAttributes = {
					18E084021BEB56A3001CDCF7 = {
						CreatedOnToolsVersion = 7.1;
						DevelopmentTeam = 7R5X3C7UD7;
					};
				};
			};
			buildConfigurationList = 18E083FE1BEB56A3001CDCF7 /* Build configuration list for PBXProject "06苹果官方地图导航" */;
			compatibilityVersion = "Xcode 3.2";
			developmentRegion = English;
			hasScannedForEncodings = 0;
			knownRegions = (
				en,
				Base,
			);
			mainGroup = 18E083FA1BEB56A3001CDCF7;
			productRefGroup = 18E084041BEB56A3001CDCF7 /* Products */;
			projectDirPath = "";
			projectRoot = "";
			targets = (
				18E084021BEB56A3001CDCF7 /* 06苹果官方地图导航 */,
			);
		};
/* End PBXProject section */

/* Begin PBXResourcesBuildPhase section */
		18E084011BEB56A3001CDCF7 /* Resources */ = {
			isa = PBXResourcesBuildPhase;
			buildActionMask = 2147483647;
			files = (
				18E084161BEB56A3001CDCF7 /* LaunchScreen.storyboard in Resources */,
				18E084131BEB56A3001CDCF7 /* Assets.xcassets in Resources */,
				18E084111BEB56A3001CDCF7 /* Main.storyboard in Resources */,
			);
			runOnlyForDeploymentPostprocessing = 0;
		};
/* End PBXResourcesBuildPhase section */

/* Begin PBXSourcesBuildPhase section */
		18E083FF1BEB56A3001CDCF7 /* Sources */ = {
			isa = PBXSourcesBuildPhase;
			buildActionMask = 2147483647;
			files = (
				18E0840E1BEB56A3001CDCF7 /* ViewController.m in Sources */,
				18E0840B1BEB56A3001CDCF7 /* AppDelegate.m in Sources */,
				18E084081BEB56A3001CDCF7 /* main.m in Sources */,
			);
			runOnlyForDeploymentPostprocessing = 0;
		};
/* End PBXSourcesBuildPhase section */

/* Begin PBXVariantGroup section */
		18E0840F1BEB56A3001CDCF7 /* Main.storyboard */ = {
			isa = PBXVariantGroup;
			children = (
				18E084101BEB56A3001CDCF7 /* Base */,
			);
			name = Main.storyboard;
			sourceTree = "<group>";
		};
		18E084141BEB56A3001CDCF7 /* LaunchScreen.storyboard */ = {
			isa = PBXVariantGroup;
			children = (
				18E084151BEB56A3001CDCF7 /* Base */,
			);
			name = LaunchScreen.storyboard;
			sourceTree = "<group>";
		};
/* End PBXVariantGroup section */

/* Begin XCBuildConfiguration section */
		18E084181BEB56A3001CDCF7 /* Debug */ = {
			isa = XCBuildConfiguration;
			buildSettings = {
				ALWAYS_SEARCH_USER_PATHS = NO;
				CLANG_CXX_LANGUAGE_STANDARD = "gnu++0x";
				CLANG_CXX_LIBRARY = "libc++";
				CLANG_ENABLE_MODULES = YES;
				CLANG_ENABLE_OBJC_ARC = YES;
				CLANG_WARN_BOOL_CONVERSION = YES;
				CLANG_WARN_CONSTANT_CONVERSION = YES;
				CLANG_WARN_DIRECT_OBJC_ISA_USAGE = YES_ERROR;
				CLANG_WARN_EMPTY_BODY = YES;
				CLANG_WARN_ENUM_CONVERSION = YES;
				CLANG_WARN_INT_CONVERSION = YES;
				CLANG_WARN_OBJC_ROOT_CLASS = YES_ERROR;
				CLANG_WARN_UNREACHABLE_CODE = YES;
				CLANG_WARN__DUPLICATE_METHOD_MATCH = YES;
				"CODE_SIGN_IDENTITY[sdk=iphoneos*]" = "iPhone Developer";
				COPY_PHASE_STRIP = NO;
				DEBUG_INFORMATION_FORMAT = dwarf;
				ENABLE_STRICT_OBJC_MSGSEND = YES;
				ENABLE_TESTABILITY = YES;
				GCC_C_LANGUAGE_STANDARD = gnu99;
				GCC_DYNAMIC_NO_PIC = NO;
				GCC_NO_COMMON_BLOCKS = YES;
				GCC_OPTIMIZATION_LEVEL = 0;
				GCC_PREPROCESSOR_DEFINITIONS = (
					"DEBUG=1",
					"$(inherited)",
				);
				GCC_WARN_64_TO_32_BIT_CONVERSION = YES;
				GCC_WARN_ABOUT_RETURN_TYPE = YES_ERROR;
				GCC_WARN_UNDECLARED_SELECTOR = YES;
				GCC_WARN_UNINITIALIZED_AUTOS = YES_AGGRESSIVE;
				GCC_WARN_UNUSED_FUNCTION = YES;
				GCC_WARN_UNUSED_VARIABLE = YES;
				IPHONEOS_DEPLOYMENT_TARGET = 9.1;
				MTL_ENABLE_DEBUG_INFO = YES;
				ONLY_ACTIVE_ARCH = YES;
				SDKROOT = iphoneos;
			};
			name = Debug;
		};
		18E084191BEB56A3001CDCF7 /* Release */ = {
			isa = XCBuildConfiguration;
			buildSettings = {
				ALWAYS_SEARCH_USER_PATHS = NO;
				CLANG_CXX_LANGUAGE_STANDARD = "gnu++0x";
				CLANG_CXX_LIBRARY = "libc++";
				CLANG_ENABLE_MODULES = YES;
				CLANG_ENABLE_OBJC_ARC = YES;
				CLANG_WARN_BOOL_CONVERSION = YES;
				CLANG_WARN_CONSTANT_CONVERSION = YES;
				CLANG_WARN_DIRECT_OBJC_ISA_USAGE = YES_ERROR;
				CLANG_WARN_EMPTY_BODY = YES;
				CLANG_WARN_ENUM_CONVERSION = YES;
				CLANG_WARN_INT_CONVERSION = YES;
				CLANG_WARN_OBJC_ROOT_CLASS = YES_ERROR;
				CLANG_WARN_UNREACHABLE_CODE = YES;
				CLANG_WARN__DUPLICATE_METHOD_MATCH = YES;
				"CODE_SIGN_IDENTITY[sdk=iphoneos*]" = "iPhone Developer";
				COPY_PHASE_STRIP = NO;
				DEBUG_INFORMATION_FORMAT = "dwarf-with-dsym";
				ENABLE_NS_ASSERTIONS = NO;
				ENABLE_STRICT_OBJC_MSGSEND = YES;
				GCC_C_LANGUAGE_STANDARD = gnu99;
				GCC_NO_COMMON_BLOCKS = YES;
				GCC_WARN_64_TO_32_BIT_CONVERSION = YES;
				GCC_WARN_ABOUT_RETURN_TYPE = YES_ERROR;
				GCC_WARN_UNDECLARED_SELECTOR = YES;
				GCC_WARN_UNINITIALIZED_AUTOS = YES_AGGRESSIVE;
				GCC_WARN_UNUSED_FUNCTION = YES;
				GCC_WARN_UNUSED_VARIABLE = YES;
				IPHONEOS_DEPLOYMENT_TARGET = 9.1;
				MTL_ENABLE_DEBUG_INFO = NO;
				SDKROOT = iphoneos;
				VALIDATE_PRODUCT = YES;
			};
			name = Release;
		};
		18E0841B1BEB56A3001CDCF7 /* Debug */ = {
			isa = XCBuildConfiguration;
			buildSettings = {
				ASSETCATALOG_COMPILER_APPICON_NAME = AppIcon;
				INFOPLIST_FILE = "06苹果官方地图导航/Info.plist";
				LD_RUNPATH_SEARCH_PATHS = "$(inherited) @executable_path/Frameworks";
				PRODUCT_BUNDLE_IDENTIFIER = "ZZY.-6--------";
				PRODUCT_NAME = "$(TARGET_NAME)";
			};
			name = Debug;
		};
		18E0841C1BEB56A3001CDCF7 /* Release */ = {
			isa = XCBuildConfiguration;
			buildSettings = {
				ASSETCATALOG_COMPILER_APPICON_NAME = AppIcon;
				INFOPLIST_FILE = "06苹果官方地图导航/Info.plist";
				LD_RUNPATH_SEARCH_PATHS = "$(inherited) @executable_path/Frameworks";
				PRODUCT_BUNDLE_IDENTIFIER = "ZZY.-6--------";
				PRODUCT_NAME = "$(TARGET_NAME)";
			};
			name = Release;
		};
/* End XCBuildConfiguration section */

/* Begin XCConfigurationList section */
		18E083FE1BEB56A3001CDCF7 /* Build configuration list for PBXProject "06苹果官方地图导航" */ = {
			isa = XCConfigurationList;
			buildConfigurations = (
				18E084181BEB56A3001CDCF7 /* Debug */,
				18E084191BEB56A3001CDCF7 /* Release */,
			);
			defaultConfigurationIsVisible = 0;
			defaultConfigurationName = Release;
		};
		18E0841A1BEB56A3001CDCF7 /* Build configuration list for PBXNativeTarget "06苹果官方地图导航" */ = {
			isa = XCConfigurationList;
			buildConfigurations = (
				18E0841B1BEB56A3001CDCF7 /* Debug */,
				18E0841C1BEB56A3001CDCF7 /* Release */,
			);
			defaultConfigurationIsVisible = 0;
		};
/* End XCConfigurationList section */
	};
	rootObject = 18E083FB1BEB56A3001CDCF7 /* Project object */;
}
